
Microsoft Visual Studio Solution File, Format Version 12.00
Project("{FAE04EC0-301F-11D3-BF4B-00C04F79EFBC}") = "MsTeamToAzureDevopsCapacity", "MsTeamToAzureDevopsCapacity.csproj", "{2CFEC109-1FBD-4F1B-9BB4-2A5ED75D3442}"
EndProject
Global
	GlobalSection(SolutionConfigurationPlatforms) = preSolution
		Debug|Any CPU = Debug|Any CPU
		Release|Any CPU = Release|Any CPU
	EndGlobalSection
	GlobalSection(ProjectConfigurationPlatforms) = postSolution
		{2CFEC109-1FBD-4F1B-9BB4-2A5ED75D3442}.Debug|Any CPU.ActiveCfg = Debug|Any CPU
		{2CFEC109-1FBD-4F1B-9BB4-2A5ED75D3442}.Debug|Any CPU.Build.0 = Debug|Any CPU
		{2CFEC109-1FBD-4F1B-9BB4-2A5ED75D3442}.Release|Any CPU.ActiveCfg = Release|Any CPU
		{2CFEC109-1FBD-4F1B-9BB4-2A5ED75D3442}.Release|Any CPU.Build.0 = Release|Any CPU
	EndGlobalSection
EndGlobal
